
Microsoft Visual Studio Solution File, Format Version 12.00
# Visual Studio Version 16
VisualStudioVersion = 16.0.30204.135
MinimumVisualStudioVersion = 10.0.40219.1
Project("{FAE04EC0-301F-11D3-BF4B-00C04F79EFBC}") = "XUnitQuiz", "XUnitQuiz\XUnitQuiz.csproj", "{9B192098-DE02-4D1F-86A7-6ED7356C20E6}"
EndProject
Project("{FAE04EC0-301F-11D3-BF4B-00C04F79EFBC}") = "XUnitQuiz.Test", "XUnitQuiz.Test\XUnitQuiz.Test.csproj", "{8A0E1EA9-8C8D-4852-BF01-5D1F07203341}"
EndProject
Global
	GlobalSection(SolutionConfigurationPlatforms) = preSolution
		Debug|Any CPU = Debug|Any CPU
		Release|Any CPU = Release|Any CPU
	EndGlobalSection
	GlobalSection(ProjectConfigurationPlatforms) = postSolution
		{9B192098-DE02-4D1F-86A7-6ED7356C20E6}.Debug|Any CPU.ActiveCfg = Debug|Any CPU
		{9B192098-DE02-4D1F-86A7-6ED7356C20E6}.Debug|Any CPU.Build.0 = Debug|Any CPU
		{9B192098-DE02-4D1F-86A7-6ED7356C20E6}.Release|Any CPU.ActiveCfg = Release|Any CPU
		{9B192098-DE02-4D1F-86A7-6ED7356C20E6}.Release|Any CPU.Build.0 = Release|Any CPU
		{8A0E1EA9-8C8D-4852-BF01-5D1F07203341}.Debug|Any CPU.ActiveCfg = Debug|Any CPU
		{8A0E1EA9-8C8D-4852-BF01-5D1F07203341}.Debug|Any CPU.Build.0 = Debug|Any CPU
		{8A0E1EA9-8C8D-4852-BF01-5D1F07203341}.Release|Any CPU.ActiveCfg = Release|Any CPU
		{8A0E1EA9-8C8D-4852-BF01-5D1F07203341}.Release|Any CPU.Build.0 = Release|Any CPU
	EndGlobalSection
	GlobalSection(SolutionProperties) = preSolution
		HideSolutionNode = FALSE
	EndGlobalSection
	GlobalSection(ExtensibilityGlobals) = postSolution
		SolutionGuid = {03A0B993-3E7E-4AFB-937C-2A3843558FBC}
	EndGlobalSection
EndGlobal
